
Microsoft Visual Studio Solution File, Format Version 12.00
# Visual Studio Version 16
VisualStudioVersion = 16.0.30320.27
MinimumVisualStudioVersion = 10.0.40219.1
Project("{FAE04EC0-301F-11D3-BF4B-00C04F79EFBC}") = "InvesBill.UWP", "InvesBill\InvesBill.UWP\InvesBill.UWP.csproj", "{B0B5EB10-BBCC-4024-AB93-AB22BF65DA63}"
EndProject
Project("{FAE04EC0-301F-11D3-BF4B-00C04F79EFBC}") = "InvesBill.Android", "InvesBill\InvesBill.Android\InvesBill.Android.csproj", "{AB28C507-B348-48F1-BCB2-5D413D4D5073}"
EndProject
Project("{FAE04EC0-301F-11D3-BF4B-00C04F79EFBC}") = "InvesBill.iOS", "InvesBill\InvesBill.iOS\InvesBill.iOS.csproj", "{A3321A2E-A4AE-48DA-AE9D-A7C5B27883AA}"
EndProject
Project("{FAE04EC0-301F-11D3-BF4B-00C04F79EFBC}") = "InvesBill", "InvesBill\InvesBill\InvesBill.csproj", "{D7060E17-F076-454A-BA89-FBB1E1BD0703}"
EndProject
Global
	GlobalSection(SolutionConfigurationPlatforms) = preSolution
		Debug|Any CPU = Debug|Any CPU
		Debug|ARM = Debug|ARM
		Debug|iPhone = Debug|iPhone
		Debug|iPhoneSimulator = Debug|iPhoneSimulator
		Debug|x64 = Debug|x64
		Debug|x86 = Debug|x86
		Release|Any CPU = Release|Any CPU
		Release|ARM = Release|ARM
		Release|iPhone = Release|iPhone
		Release|iPhoneSimulator = Release|iPhoneSimulator
		Release|x64 = Release|x64
		Release|x86 = Release|x86
	EndGlobalSection
	GlobalSection(ProjectConfigurationPlatforms) = postSolution
		{B0B5EB10-BBCC-4024-AB93-AB22BF65DA63}.Debug|Any CPU.ActiveCfg = Debug|x86
		{B0B5EB10-BBCC-4024-AB93-AB22BF65DA63}.Debug|Any CPU.Build.0 = Debug|x86
		{B0B5EB10-BBCC-4024-AB93-AB22BF65DA63}.Debug|Any CPU.Deploy.0 = Debug|x86
		{B0B5EB10-BBCC-4024-AB93-AB22BF65DA63}.Debug|ARM.ActiveCfg = Debug|ARM
		{B0B5EB10-BBCC-4024-AB93-AB22BF65DA63}.Debug|ARM.Build.0 = Debug|ARM
		{B0B5EB10-BBCC-4024-AB93-AB22BF65DA63}.Debug|ARM.Deploy.0 = Debug|ARM
		{B0B5EB10-BBCC-4024-AB93-AB22BF65DA63}.Debug|iPhone.ActiveCfg = Debug|x86
		{B0B5EB10-BBCC-4024-AB93-AB22BF65DA63}.Debug|iPhone.Build.0 = Debug|x86
		{B0B5EB10-BBCC-4024-AB93-AB22BF65DA63}.Debug|iPhone.Deploy.0 = Debug|x86
		{B0B5EB10-BBCC-4024-AB93-AB22BF65DA63}.Debug|iPhoneSimulator.ActiveCfg = Debug|x86
		{B0B5EB10-BBCC-4024-AB93-AB22BF65DA63}.Debug|iPhoneSimulator.Build.0 = Debug|x86
		{B0B5EB10-BBCC-4024-AB93-AB22BF65DA63}.Debug|iPhoneSimulator.Deploy.0 = Debug|x86
		{B0B5EB10-BBCC-4024-AB93-AB22BF65DA63}.Debug|x64.ActiveCfg = Debug|x64
		{B0B5EB10-BBCC-4024-AB93-AB22BF65DA63}.Debug|x64.Build.0 = Debug|x64
		{B0B5EB10-BBCC-4024-AB93-AB22BF65DA63}.Debug|x64.Deploy.0 = Debug|x64
		{B0B5EB10-BBCC-4024-AB93-AB22BF65DA63}.Debug|x86.ActiveCfg = Debug|x86
		{B0B5EB10-BBCC-4024-AB93-AB22BF65DA63}.Debug|x86.Build.0 = Debug|x86
		{B0B5EB10-BBCC-4024-AB93-AB22BF65DA63}.Debug|x86.Deploy.0 = Debug|x86
		{B0B5EB10-BBCC-4024-AB93-AB22BF65DA63}.Release|Any CPU.ActiveCfg = Release|x86
		{B0B5EB10-BBCC-4024-AB93-AB22BF65DA63}.Release|Any CPU.Build.0 = Release|x86
		{B0B5EB10-BBCC-4024-AB93-AB22BF65DA63}.Release|Any CPU.Deploy.0 = Release|x86
		{B0B5EB10-BBCC-4024-AB93-AB22BF65DA63}.Release|ARM.ActiveCfg = Release|ARM
		{B0B5EB10-BBCC-4024-AB93-AB22BF65DA63}.Release|ARM.Build.0 = Release|ARM
		{B0B5EB10-BBCC-4024-AB93-AB22BF65DA63}.Release|ARM.Deploy.0 = Release|ARM
		{B0B5EB10-BBCC-4024-AB93-AB22BF65DA63}.Release|iPhone.ActiveCfg = Release|x86
		{B0B5EB10-BBCC-4024-AB93-AB22BF65DA63}.Release|iPhone.Build.0 = Release|x86
		{B0B5EB10-BBCC-4024-AB93-AB22BF65DA63}.Release|iPhone.Deploy.0 = Release|x86
		{B0B5EB10-BBCC-4024-AB93-AB22BF65DA63}.Release|iPhoneSimulator.ActiveCfg = Release|x86
		{B0B5EB10-BBCC-4024-AB93-AB22BF65DA63}.Release|iPhoneSimulator.Build.0 = Release|x86
		{B0B5EB10-BBCC-4024-AB93-AB22BF65DA63}.Release|iPhoneSimulator.Deploy.0 = Release|x86
		{B0B5EB10-BBCC-4024-AB93-AB22BF65DA63}.Release|x64.ActiveCfg = Release|x64
		{B0B5EB10-BBCC-4024-AB93-AB22BF65DA63}.Release|x64.Build.0 = Release|x64
		{B0B5EB10-BBCC-4024-AB93-AB22BF65DA63}.Release|x64.Deploy.0 = Release|x64
		{B0B5EB10-BBCC-4024-AB93-AB22BF65DA63}.Release|x86.ActiveCfg = Release|x86
		{B0B5EB10-BBCC-4024-AB93-AB22BF65DA63}.Release|x86.Build.0 = Release|x86
		{B0B5EB10-BBCC-4024-AB93-AB22BF65DA63}.Release|x86.Deploy.0 = Release|x86
		{AB28C507-B348-48F1-BCB2-5D413D4D5073}.Debug|Any CPU.ActiveCfg = Debug|Any CPU
		{AB28C507-B348-48F1-BCB2-5D413D4D5073}.Debug|Any CPU.Build.0 = Debug|Any CPU
		{AB28C507-B348-48F1-BCB2-5D413D4D5073}.Debug|Any CPU.Deploy.0 = Debug|Any CPU
		{AB28C507-B348-48F1-BCB2-5D413D4D5073}.Debug|ARM.ActiveCfg = Debug|Any CPU
		{AB28C507-B348-48F1-BCB2-5D413D4D5073}.Debug|ARM.Build.0 = Debug|Any CPU
		{AB28C507-B348-48F1-BCB2-5D413D4D5073}.Debug|ARM.Deploy.0 = Debug|Any CPU
		{AB28C507-B348-48F1-BCB2-5D413D4D5073}.Debug|iPhone.ActiveCfg = Debug|Any CPU
		{AB28C507-B348-48F1-BCB2-5D413D4D5073}.Debug|iPhone.Build.0 = Debug|Any CPU
		{AB28C507-B348-48F1-BCB2-5D413D4D5073}.Debug|iPhone.Deploy.0 = Debug|Any CPU
		{AB28C507-B348-48F1-BCB2-5D413D4D5073}.Debug|iPhoneSimulator.ActiveCfg = Debug|Any CPU
		{AB28C507-B348-48F1-BCB2-5D413D4D5073}.Debug|iPhoneSimulator.Build.0 = Debug|Any CPU
		{AB28C507-B348-48F1-BCB2-5D413D4D5073}.Debug|iPhoneSimulator.Deploy.0 = Debug|Any CPU
		{AB28C507-B348-48F1-BCB2-5D413D4D5073}.Debug|x64.ActiveCfg = Debug|Any CPU
		{AB28C507-B348-48F1-BCB2-5D413D4D5073}.Debug|x64.Build.0 = Debug|Any CPU
		{AB28C507-B348-48F1-BCB2-5D413D4D5073}.Debug|x64.Deploy.0 = Debug|Any CPU
		{AB28C507-B348-48F1-BCB2-5D413D4D5073}.Debug|x86.ActiveCfg = Debug|Any CPU
		{AB28C507-B348-48F1-BCB2-5D413D4D5073}.Debug|x86.Build.0 = Debug|Any CPU
		{AB28C507-B348-48F1-BCB2-5D413D4D5073}.Debug|x86.Deploy.0 = Debug|Any CPU
		{AB28C507-B348-48F1-BCB2-5D413D4D5073}.Release|Any CPU.ActiveCfg = Release|Any CPU
		{AB28C507-B348-48F1-BCB2-5D413D4D5073}.Release|Any CPU.Build.0 = Release|Any CPU
		{AB28C507-B348-48F1-BCB2-5D413D4D5073}.Release|Any CPU.Deploy.0 = Release|Any CPU
		{AB28C507-B348-48F1-BCB2-5D413D4D5073}.Release|ARM.ActiveCfg = Release|Any CPU
		{AB28C507-B348-48F1-BCB2-5D413D4D5073}.Release|ARM.Build.0 = Release|Any CPU
		{AB28C507-B348-48F1-BCB2-5D413D4D5073}.Release|ARM.Deploy.0 = Release|Any CPU
		{AB28C507-B348-48F1-BCB2-5D413D4D5073}.Release|iPhone.ActiveCfg = Release|Any CPU
		{AB28C507-B348-48F1-BCB2-5D413D4D5073}.Release|iPhone.Build.0 = Release|Any CPU
		{AB28C507-B348-48F1-BCB2-5D413D4D5073}.Release|iPhone.Deploy.0 = Release|Any CPU
		{AB28C507-B348-48F1-BCB2-5D413D4D5073}.Release|iPhoneSimulator.ActiveCfg = Release|Any CPU
		{AB28C507-B348-48F1-BCB2-5D413D4D5073}.Release|iPhoneSimulator.Build.0 = Release|Any CPU
		{AB28C507-B348-48F1-BCB2-5D413D4D5073}.Release|iPhoneSimulator.Deploy.0 = Release|Any CPU
		{AB28C507-B348-48F1-BCB2-5D413D4D5073}.Release|x64.ActiveCfg = Release|Any CPU
		{AB28C507-B348-48F1-BCB2-5D413D4D5073}.Release|x64.Build.0 = Release|Any CPU
		{AB28C507-B348-48F1-BCB2-5D413D4D5073}.Release|x64.Deploy.0 = Release|Any CPU
		{AB28C507-B348-48F1-BCB2-5D413D4D5073}.Release|x86.ActiveCfg = Release|Any CPU
		{AB28C507-B348-48F1-BCB2-5D413D4D5073}.Release|x86.Build.0 = Release|Any CPU
		{AB28C507-B348-48F1-BCB2-5D413D4D5073}.Release|x86.Deploy.0 = Release|Any CPU
		{A3321A2E-A4AE-48DA-AE9D-A7C5B27883AA}.Debug|Any CPU.ActiveCfg = Debug|iPhone
		{A3321A2E-A4AE-48DA-AE9D-A7C5B27883AA}.Debug|Any CPU.Build.0 = Debug|iPhone
		{A3321A2E-A4AE-48DA-AE9D-A7C5B27883AA}.Debug|Any CPU.Deploy.0 = Debug|iPhone
		{A3321A2E-A4AE-48DA-AE9D-A7C5B27883AA}.Debug|ARM.ActiveCfg = Debug|iPhone
		{A3321A2E-A4AE-48DA-AE9D-A7C5B27883AA}.Debug|ARM.Build.0 = Debug|iPhone
		{A3321A2E-A4AE-48DA-AE9D-A7C5B27883AA}.Debug|ARM.Deploy.0 = Debug|iPhone
		{A3321A2E-A4AE-48DA-AE9D-A7C5B27883AA}.Debug|iPhone.ActiveCfg = Debug|iPhone
		{A3321A2E-A4AE-48DA-AE9D-A7C5B27883AA}.Debug|iPhone.Build.0 = Debug|iPhone
		{A3321A2E-A4AE-48DA-AE9D-A7C5B27883AA}.Debug|iPhone.Deploy.0 = Debug|iPhone
		{A3321A2E-A4AE-48DA-AE9D-A7C5B27883AA}.Debug|iPhoneSimulator.ActiveCfg = Debug|iPhoneSimulator
		{A3321A2E-A4AE-48DA-AE9D-A7C5B27883AA}.Debug|iPhoneSimulator.Build.0 = Debug|iPhoneSimulator
		{A3321A2E-A4AE-48DA-AE9D-A7C5B27883AA}.Debug|iPhoneSimulator.Deploy.0 = Debug|iPhoneSimulator
		{A3321A2E-A4AE-48DA-AE9D-A7C5B27883AA}.Debug|x64.ActiveCfg = Debug|iPhone
		{A3321A2E-A4AE-48DA-AE9D-A7C5B27883AA}.Debug|x64.Build.0 = Debug|iPhone
		{A3321A2E-A4AE-48DA-AE9D-A7C5B27883AA}.Debug|x64.Deploy.0 = Debug|iPhone
		{A3321A2E-A4AE-48DA-AE9D-A7C5B27883AA}.Debug|x86.ActiveCfg = Debug|iPhone
		{A3321A2E-A4AE-48DA-AE9D-A7C5B27883AA}.Debug|x86.Build.0 = Debug|iPhone
		{A3321A2E-A4AE-48DA-AE9D-A7C5B27883AA}.Debug|x86.Deploy.0 = Debug|iPhone
		{A3321A2E-A4AE-48DA-AE9D-A7C5B27883AA}.Release|Any CPU.ActiveCfg = Release|iPhone
		{A3321A2E-A4AE-48DA-AE9D-A7C5B27883AA}.Release|Any CPU.Build.0 = Release|iPhone
		{A3321A2E-A4AE-48DA-AE9D-A7C5B27883AA}.Release|Any CPU.Deploy.0 = Release|iPhone
		{A3321A2E-A4AE-48DA-AE9D-A7C5B27883AA}.Release|ARM.ActiveCfg = Release|iPhone
		{A3321A2E-A4AE-48DA-AE9D-A7C5B27883AA}.Release|ARM.Build.0 = Release|iPhone
		{A3321A2E-A4AE-48DA-AE9D-A7C5B27883AA}.Release|ARM.Deploy.0 = Release|iPhone
		{A3321A2E-A4AE-48DA-AE9D-A7C5B27883AA}.Release|iPhone.ActiveCfg = Release|iPhone
		{A3321A2E-A4AE-48DA-AE9D-A7C5B27883AA}.Release|iPhone.Build.0 = Release|iPhone
		{A3321A2E-A4AE-48DA-AE9D-A7C5B27883AA}.Release|iPhone.Deploy.0 = Release|iPhone
		{A3321A2E-A4AE-48DA-AE9D-A7C5B27883AA}.Release|iPhoneSimulator.ActiveCfg = Release|iPhoneSimulator
		{A3321A2E-A4AE-48DA-AE9D-A7C5B27883AA}.Release|iPhoneSimulator.Build.0 = Release|iPhoneSimulator
		{A3321A2E-A4AE-48DA-AE9D-A7C5B27883AA}.Release|iPhoneSimulator.Deploy.0 = Release|iPhoneSimulator
		{A3321A2E-A4AE-48DA-AE9D-A7C5B27883AA}.Release|x64.ActiveCfg = Release|iPhone
		{A3321A2E-A4AE-48DA-AE9D-A7C5B27883AA}.Release|x64.Build.0 = Release|iPhone
		{A3321A2E-A4AE-48DA-AE9D-A7C5B27883AA}.Release|x64.Deploy.0 = Release|iPhone
		{A3321A2E-A4AE-48DA-AE9D-A7C5B27883AA}.Release|x86.ActiveCfg = Release|iPhone
		{A3321A2E-A4AE-48DA-AE9D-A7C5B27883AA}.Release|x86.Build.0 = Release|iPhone
		{A3321A2E-A4AE-48DA-AE9D-A7C5B27883AA}.Release|x86.Deploy.0 = Release|iPhone
		{D7060E17-F076-454A-BA89-FBB1E1BD0703}.Debug|Any CPU.ActiveCfg = Debug|Any CPU
		{D7060E17-F076-454A-BA89-FBB1E1BD0703}.Debug|Any CPU.Build.0 = Debug|Any CPU
		{D7060E17-F076-454A-BA89-FBB1E1BD0703}.Debug|Any CPU.Deploy.0 = Debug|Any CPU
		{D7060E17-F076-454A-BA89-FBB1E1BD0703}.Debug|ARM.ActiveCfg = Debug|Any CPU
		{D7060E17-F076-454A-BA89-FBB1E1BD0703}.Debug|ARM.Build.0 = Debug|Any CPU
		{D7060E17-F076-454A-BA89-FBB1E1BD0703}.Debug|ARM.Deploy.0 = Debug|Any CPU
		{D7060E17-F076-454A-BA89-FBB1E1BD0703}.Debug|iPhone.ActiveCfg = Debug|Any CPU
		{D7060E17-F076-454A-BA89-FBB1E1BD0703}.Debug|iPhone.Build.0 = Debug|Any CPU
		{D7060E17-F076-454A-BA89-FBB1E1BD0703}.Debug|iPhone.Deploy.0 = Debug|Any CPU
		{D7060E17-F076-454A-BA89-FBB1E1BD0703}.Debug|iPhoneSimulator.ActiveCfg = Debug|Any CPU
		{D7060E17-F076-454A-BA89-FBB1E1BD0703}.Debug|iPhoneSimulator.Build.0 = Debug|Any CPU
		{D7060E17-F076-454A-BA89-FBB1E1BD0703}.Debug|iPhoneSimulator.Deploy.0 = Debug|Any CPU
		{D7060E17-F076-454A-BA89-FBB1E1BD0703}.Debug|x64.ActiveCfg = Debug|Any CPU
		{D7060E17-F076-454A-BA89-FBB1E1BD0703}.Debug|x64.Build.0 = Debug|Any CPU
		{D7060E17-F076-454A-BA89-FBB1E1BD0703}.Debug|x64.Deploy.0 = Debug|Any CPU
		{D7060E17-F076-454A-BA89-FBB1E1BD0703}.Debug|x86.ActiveCfg = Debug|Any CPU
		{D7060E17-F076-454A-BA89-FBB1E1BD0703}.Debug|x86.Build.0 = Debug|Any CPU
		{D7060E17-F076-454A-BA89-FBB1E1BD0703}.Debug|x86.Deploy.0 = Debug|Any CPU
		{D7060E17-F076-454A-BA89-FBB1E1BD0703}.Release|Any CPU.ActiveCfg = Release|Any CPU
		{D7060E17-F076-454A-BA89-FBB1E1BD0703}.Release|Any CPU.Build.0 = Release|Any CPU
		{D7060E17-F076-454A-BA89-FBB1E1BD0703}.Release|Any CPU.Deploy.0 = Release|Any CPU
		{D7060E17-F076-454A-BA89-FBB1E1BD0703}.Release|ARM.ActiveCfg = Release|Any CPU
		{D7060E17-F076-454A-BA89-FBB1E1BD0703}.Release|ARM.Build.0 = Release|Any CPU
		{D7060E17-F076-454A-BA89-FBB1E1BD0703}.Release|ARM.Deploy.0 = Release|Any CPU
		{D7060E17-F076-454A-BA89-FBB1E1BD0703}.Release|iPhone.ActiveCfg = Release|Any CPU
		{D7060E17-F076-454A-BA89-FBB1E1BD0703}.Release|iPhone.Build.0 = Release|Any CPU
		{D7060E17-F076-454A-BA89-FBB1E1BD0703}.Release|iPhone.Deploy.0 = Release|Any CPU
		{D7060E17-F076-454A-BA89-FBB1E1BD0703}.Release|iPhoneSimulator.ActiveCfg = Release|Any CPU
		{D7060E17-F076-454A-BA89-FBB1E1BD0703}.Release|iPhoneSimulator.Build.0 = Release|Any CPU
		{D7060E17-F076-454A-BA89-FBB1E1BD0703}.Release|iPhoneSimulator.Deploy.0 = Release|Any CPU
		{D7060E17-F076-454A-BA89-FBB1E1BD0703}.Release|x64.ActiveCfg = Release|Any CPU
		{D7060E17-F076-454A-BA89-FBB1E1BD0703}.Release|x64.Build.0 = Release|Any CPU
		{D7060E17-F076-454A-BA89-FBB1E1BD0703}.Release|x64.Deploy.0 = Release|Any CPU
		{D7060E17-F076-454A-BA89-FBB1E1BD0703}.Release|x86.ActiveCfg = Release|Any CPU
		{D7060E17-F076-454A-BA89-FBB1E1BD0703}.Release|x86.Build.0 = Release|Any CPU
		{D7060E17-F076-454A-BA89-FBB1E1BD0703}.Release|x86.Deploy.0 = Release|Any CPU
	EndGlobalSection
	GlobalSection(SolutionProperties) = preSolution
		HideSolutionNode = FALSE
	EndGlobalSection
	GlobalSection(ExtensibilityGlobals) = postSolution
		SolutionGuid = {DC7F2170-326A-4637-8221-2BDEB7A67597}
	EndGlobalSection
EndGlobal
